
Microsoft Visual Studio Solution File, Format Version 12.00
# Visual Studio Version 17
VisualStudioVersion = 17.2.32526.322
MinimumVisualStudioVersion = 10.0.40219.1
Project("{FAE04EC0-301F-11D3-BF4B-00C04F79EFBC}") = "MyCash", "MyCash\MyCash.csproj", "{4E99D0AE-354A-46AE-9B61-9D64A1579004}"
EndProject
Global
	GlobalSection(SolutionConfigurationPlatforms) = preSolution
		Debug|Any CPU = Debug|Any CPU
		Release|Any CPU = Release|Any CPU
	EndGlobalSection
	GlobalSection(ProjectConfigurationPlatforms) = postSolution
		{4E99D0AE-354A-46AE-9B61-9D64A1579004}.Debug|Any CPU.ActiveCfg = Debug|Any CPU
		{4E99D0AE-354A-46AE-9B61-9D64A1579004}.Debug|Any CPU.Build.0 = Debug|Any CPU
		{4E99D0AE-354A-46AE-9B61-9D64A1579004}.Release|Any CPU.ActiveCfg = Release|Any CPU
		{4E99D0AE-354A-46AE-9B61-9D64A1579004}.Release|Any CPU.Build.0 = Release|Any CPU
	EndGlobalSection
	GlobalSection(SolutionProperties) = preSolution
		HideSolutionNode = FALSE
	EndGlobalSection
	GlobalSection(ExtensibilityGlobals) = postSolution
		SolutionGuid = {2498185E-0D5A-4DD0-9628-8E4966E04957}
	EndGlobalSection
EndGlobal
